
Microsoft Visual Studio Solution File, Format Version 12.00
# Visual Studio Version 17
VisualStudioVersion = 17.4.33205.214
MinimumVisualStudioVersion = 10.0.40219.1
Project("{9A19103F-16F7-4668-BE54-9A1E7A4F7556}") = "SuperShopping.ProductAPI", "SuperShopping.ProductAPI\SuperShopping.ProductAPI.csproj", "{BF623C0A-9FE6-408C-B8A4-C21DF1576A91}"
EndProject
Project("{9A19103F-16F7-4668-BE54-9A1E7A4F7556}") = "SuperShopping.AuthAPI", "SuperShopping.AuthAPI\SuperShopping.AuthAPI.csproj", "{02E5DB2C-E711-4FD6-A675-422A72BF1D62}"
EndProject
Project("{9A19103F-16F7-4668-BE54-9A1E7A4F7556}") = "SuperShopping.CartAPI", "SuperShopping.CartAPI\SuperShopping.CartAPI.csproj", "{DFD9EF62-C698-47AE-93D1-C39ECD2394FB}"
EndProject
Project("{9A19103F-16F7-4668-BE54-9A1E7A4F7556}") = "SuperShopping.MessageBus", "SuperShopping.MessageBus\SuperShopping.MessageBus.csproj", "{51A63EAA-E753-40F6-9367-80373B5A3DE5}"
EndProject
Project("{FAE04EC0-301F-11D3-BF4B-00C04F79EFBC}") = "SuperShopping.OrderAPI", "SuperShopping.OrderAPI\SuperShopping.OrderAPI.csproj", "{E1865054-4261-4B08-B231-CCC1B9636F24}"
EndProject
Global
	GlobalSection(SolutionConfigurationPlatforms) = preSolution
		Debug|Any CPU = Debug|Any CPU
		Release|Any CPU = Release|Any CPU
	EndGlobalSection
	GlobalSection(ProjectConfigurationPlatforms) = postSolution
		{BF623C0A-9FE6-408C-B8A4-C21DF1576A91}.Debug|Any CPU.ActiveCfg = Debug|Any CPU
		{BF623C0A-9FE6-408C-B8A4-C21DF1576A91}.Debug|Any CPU.Build.0 = Debug|Any CPU
		{BF623C0A-9FE6-408C-B8A4-C21DF1576A91}.Release|Any CPU.ActiveCfg = Release|Any CPU
		{BF623C0A-9FE6-408C-B8A4-C21DF1576A91}.Release|Any CPU.Build.0 = Release|Any CPU
		{02E5DB2C-E711-4FD6-A675-422A72BF1D62}.Debug|Any CPU.ActiveCfg = Debug|Any CPU
		{02E5DB2C-E711-4FD6-A675-422A72BF1D62}.Debug|Any CPU.Build.0 = Debug|Any CPU
		{02E5DB2C-E711-4FD6-A675-422A72BF1D62}.Release|Any CPU.ActiveCfg = Release|Any CPU
		{02E5DB2C-E711-4FD6-A675-422A72BF1D62}.Release|Any CPU.Build.0 = Release|Any CPU
		{DFD9EF62-C698-47AE-93D1-C39ECD2394FB}.Debug|Any CPU.ActiveCfg = Debug|Any CPU
		{DFD9EF62-C698-47AE-93D1-C39ECD2394FB}.Debug|Any CPU.Build.0 = Debug|Any CPU
		{DFD9EF62-C698-47AE-93D1-C39ECD2394FB}.Release|Any CPU.ActiveCfg = Release|Any CPU
		{DFD9EF62-C698-47AE-93D1-C39ECD2394FB}.Release|Any CPU.Build.0 = Release|Any CPU
		{51A63EAA-E753-40F6-9367-80373B5A3DE5}.Debug|Any CPU.ActiveCfg = Debug|Any CPU
		{51A63EAA-E753-40F6-9367-80373B5A3DE5}.Debug|Any CPU.Build.0 = Debug|Any CPU
		{51A63EAA-E753-40F6-9367-80373B5A3DE5}.Release|Any CPU.ActiveCfg = Release|Any CPU
		{51A63EAA-E753-40F6-9367-80373B5A3DE5}.Release|Any CPU.Build.0 = Release|Any CPU
		{E1865054-4261-4B08-B231-CCC1B9636F24}.Debug|Any CPU.ActiveCfg = Debug|Any CPU
		{E1865054-4261-4B08-B231-CCC1B9636F24}.Debug|Any CPU.Build.0 = Debug|Any CPU
		{E1865054-4261-4B08-B231-CCC1B9636F24}.Release|Any CPU.ActiveCfg = Release|Any CPU
		{E1865054-4261-4B08-B231-CCC1B9636F24}.Release|Any CPU.Build.0 = Release|Any CPU
	EndGlobalSection
	GlobalSection(SolutionProperties) = preSolution
		HideSolutionNode = FALSE
	EndGlobalSection
	GlobalSection(ExtensibilityGlobals) = postSolution
		SolutionGuid = {FD2C715B-ED2A-46FF-B819-6877120CD6A6}
	EndGlobalSection
EndGlobal
